
Microsoft Visual Studio Solution File, Format Version 12.00
# Visual Studio Version 17
VisualStudioVersion = 17.1.32421.90
MinimumVisualStudioVersion = 10.0.40219.1
Project("{FAE04EC0-301F-11D3-BF4B-00C04F79EFBC}") = "Contact.Api", "Contact.Api\Contact.Api.csproj", "{9800C525-6C03-43C3-A329-5B38798E4E73}"
EndProject
Project("{FAE04EC0-301F-11D3-BF4B-00C04F79EFBC}") = "Report.Api", "Report.Api\Report.Api.csproj", "{D9EC7C21-96E1-4BCB-87FD-3E8349EDB5CB}"
EndProject
Global
	GlobalSection(SolutionConfigurationPlatforms) = preSolution
		Debug|Any CPU = Debug|Any CPU
		Release|Any CPU = Release|Any CPU
	EndGlobalSection
	GlobalSection(ProjectConfigurationPlatforms) = postSolution
		{9800C525-6C03-43C3-A329-5B38798E4E73}.Debug|Any CPU.ActiveCfg = Debug|Any CPU
		{9800C525-6C03-43C3-A329-5B38798E4E73}.Debug|Any CPU.Build.0 = Debug|Any CPU
		{9800C525-6C03-43C3-A329-5B38798E4E73}.Release|Any CPU.ActiveCfg = Release|Any CPU
		{9800C525-6C03-43C3-A329-5B38798E4E73}.Release|Any CPU.Build.0 = Release|Any CPU
		{D9EC7C21-96E1-4BCB-87FD-3E8349EDB5CB}.Debug|Any CPU.ActiveCfg = Debug|Any CPU
		{D9EC7C21-96E1-4BCB-87FD-3E8349EDB5CB}.Debug|Any CPU.Build.0 = Debug|Any CPU
		{D9EC7C21-96E1-4BCB-87FD-3E8349EDB5CB}.Release|Any CPU.ActiveCfg = Release|Any CPU
		{D9EC7C21-96E1-4BCB-87FD-3E8349EDB5CB}.Release|Any CPU.Build.0 = Release|Any CPU
	EndGlobalSection
	GlobalSection(SolutionProperties) = preSolution
		HideSolutionNode = FALSE
	EndGlobalSection
	GlobalSection(ExtensibilityGlobals) = postSolution
		SolutionGuid = {3DBE0A96-C282-4662-96A9-0F00073470A9}
	EndGlobalSection
EndGlobal
